version = 1
revision = 3
requires-python = ">=3.14"

[[package]]
name = "dataclasses"
version = "0.8"
source = { registry = "https://pypi.org/simple" }
sdist = { url = "https://files.pythonhosted.org/packages/1f/12/7919c5d8b9c497f9180db15ea8ead6499812ea8264a6ae18766d93c59fe5/dataclasses-0.8.tar.gz", hash = "sha256:8479067f342acf957dc82ec415d355ab5edb7e7646b90dc6e2fd1d96ad084c97", size = 36581, upload-time = "2020-11-13T14:40:30.139Z" }
wheels = [
    { url = "https://files.pythonhosted.org/packages/fe/ca/75fac5856ab5cfa51bbbcefa250182e50441074fdc3f803f6e76451fab43/dataclasses-0.8-py3-none-any.whl", hash = "sha256:0201d89fa866f68c8ebd9d08ee6ff50c0b255f8ec63a71c16fda7af82bb887bf", size = 19041, upload-time = "2020-11-13T14:40:29.194Z" },
]

[[package]]
name = "harness-wangz3"
version = "0.1.0"
source = { editable = "." }
dependencies = [
    { name = "dataclasses" },
    { name = "typing" },
    { name = "z3-solver" },
]

[package.metadata]
requires-dist = [
    { name = "dataclasses", specifier = ">=0.8" },
    { name = "typing", specifier = ">=3.10.0.0" },
    { name = "z3-solver", specifier = ">=5.1.0.0" },
]

[[package]]
name = "typing"
version = "3.10.0.0"
source = { registry = "https://pypi.org/simple" }
sdist = { url = "https://files.pythonhosted.org/packages/b0/1b/835d4431805939d2996f8772aca1d2313a57e8860fec0e48e8e7dfe3a477/typing-3.10.0.0.tar.gz", hash = "sha256:13b4ad211f54ddbf93e5901a9967b1e07720c1d1b78d596ac6a439641aa1b130", size = 78962, upload-time = "2021-05-01T18:03:58.186Z" }
wheels = [
    { url = "https://files.pythonhosted.org/packages/f2/5d/865e17349564eb1772688d8afc5e3081a5964c640d64d1d2880ebaed002d/typing-3.10.0.0-py3-none-any.whl", hash = "sha256:12fbdfbe7d6cca1a42e485229afcb0b0c8259258cfb919b8a5e2a5c953742f89", size = 26320, upload-time = "2021-05-01T18:03:56.398Z" },
]

[[package]]
name = "z3-solver"
version = "5.1.0.0"
source = { registry = "https://pypi.org/simple" }
sdist = { url = "https://files.pythonhosted.org/packages/ee/f0/493c2b3acdb65f452a5b22cbec5241f81a8f5c12ef012f3baff1ad82b738/z3_solver-5.1.0.0.tar.gz", hash = "sha256:269a0bf62949d227a16ab42afee6750f18477e173a14de6aeaf8789f33f813b5", size = 5468088, upload-time = "2026-08-16T04:29:28.806Z" }
wheels = [
    { url = "https://files.pythonhosted.org/packages/01/9a/cdb6db09d6aff6a803a94505aa24666db5e47df7aad0f2b1b0ddcb52ed12/z3_solver-5.1.0.0-py3-none-macosx_13_0_arm64.whl", hash = "sha256:399a38a85d784105e5df5a05c04a581481bfdb80af7424779cf76fa843b4e66c", size = 38759094, upload-time = "2026-08-16T04:29:02.621Z" },
    { url = "https://files.pythonhosted.org/packages/29/1a/33544c70e014d9d6d8743201eecd3afdc260639b2711c9c0172ddf1fa93b/z3_solver-5.1.0.0-py3-none-macosx_13_0_x86_64.whl", hash = "sha256:069feb3ecfa0cbf40524b6a06bf0a02d604e1710bd42012ac197e2e343e39cc0", size = 41418780, upload-time = "2026-08-16T04:29:06.761Z" },
    { url = "https://files.pythonhosted.org/packages/34/de/30329041d9a2dda11308576a80b5db17060e4b03a7ba7f550437fb38dd6b/z3_solver-5.1.0.0-py3-none-manylinux_2_27_x86_64.whl", hash = "sha256:dfad9e309d7010b1ff6bdb33f21570a1603ef4727373221c7117a74448f0cfef", size = 33098276, upload-time = "2026-08-16T04:29:10.35Z" },
    { url = "https://files.pythonhosted.org/packages/ec/49/7db70c39fefde52eb5571ae709fa370260536439082d36b9ed1ab36bd1a0/z3_solver-5.1.0.0-py3-none-manylinux_2_38_aarch64.whl", hash = "sha256:1dcfcccb4b027951d7adf267b5b236e7a67b8433cc358d802dcb0280151587bf", size = 28571775, upload-time = "2026-08-16T04:29:14.149Z" },
    { url = "https://files.pythonhosted.org/packages/c5/d9/e9478764a0d0301aaf2b861d00deb0a84dd6d6d887161a12a0ff15552d91/z3_solver-5.1.0.0-py3-none-manylinux_2_38_riscv64.whl", hash = "sha256:c78fb5fdb4f625775f640a731743f908dce610b2e576c698396cd2294209aee1", size = 29165334, upload-time = "2026-08-16T04:29:17.838Z" },
    { url = "https://files.pythonhosted.org/packages/08/2c/842c3ca4ce8e503a5095c1883e0f18d45e202b1c75451a807ee3a6e4b83e/z3_solver-5.1.0.0-py3-none-pyemscripten_2026_0_wasm32.whl", hash = "sha256:d49a91527dc4f65e4a5a938b86a16937decadcbdbd806833d28ce25eb24cd3a9", size = 6046959, upload-time = "2026-08-16T16:34:47.959Z" },
    { url = "https://files.pythonhosted.org/packages/f3/35/c119d6ac5bad30f7358308f8585fe4db43afb0aebd10bed01db6e168f2f8/z3_solver-5.1.0.0-py3-none-win32.whl", hash = "sha256:c5a9e796dd77e4bafcc8c70bdbe44194db2d5d3feb9e62881bf071a3745f852e", size = 13988754, upload-time = "2026-08-16T04:29:20.963Z" },
    { url = "https://files.pythonhosted.org/packages/3f/5a/e3651dc6c976bc44861f4ba0167366a1ce0b11b3bcbad7377f0d28f9f513/z3_solver-5.1.0.0-py3-none-win_amd64.whl", hash = "sha256:1561efd36e06f4cb7cbf11b63a2fba8fc8fdeb9c5754df90c84f9bd7a4864552", size = 17040097, upload-time = "2026-08-16T04:29:23.43Z" },
    { url = "https://files.pythonhosted.org/packages/30/10/9a0e8e34f374ad6d8a28a03535866ed4f7f767c49c19e53e795ba6a0f7e3/z3_solver-5.1.0.0-py3-none-win_arm64.whl", hash = "sha256:9d0b597974c7b514d91e881fe02f71d8b31c40dd4b7f5cdf01b40dd5510c4def", size = 15935983, upload-time = "2026-08-16T04:29:26.425Z" },
]
